
Microsoft Visual Studio Solution File, Format Version 12.00
# Visual Studio Version 16
VisualStudioVersion = 16.0.31729.503
MinimumVisualStudioVersion = 10.0.40219.1
Project("{9A19103F-16F7-4668-BE54-9A1E7A4F7556}") = "BlackFriday", "BlackFriday\BlackFriday.csproj", "{CAD4B0C7-040C-418C-A412-927B4ED94740}"
EndProject
Project("{2150E333-8FDC-42A3-9474-1A3956D46DE8}") = "Solution Items", "Solution Items", "{B01016D5-0F4E-49CA-B479-6F558D586CF1}"
	ProjectSection(SolutionItems) = preProject
		readme.md = readme.md
	EndProjectSection
EndProject
Global
	GlobalSection(SolutionConfigurationPlatforms) = preSolution
		Debug|Any CPU = Debug|Any CPU
		Release|Any CPU = Release|Any CPU
	EndGlobalSection
	GlobalSection(ProjectConfigurationPlatforms) = postSolution
		{CAD4B0C7-040C-418C-A412-927B4ED94740}.Debug|Any CPU.ActiveCfg = Debug|Any CPU
		{CAD4B0C7-040C-418C-A412-927B4ED94740}.Debug|Any CPU.Build.0 = Debug|Any CPU
		{CAD4B0C7-040C-418C-A412-927B4ED94740}.Release|Any CPU.ActiveCfg = Release|Any CPU
		{CAD4B0C7-040C-418C-A412-927B4ED94740}.Release|Any CPU.Build.0 = Release|Any CPU
	EndGlobalSection
	GlobalSection(SolutionProperties) = preSolution
		HideSolutionNode = FALSE
	EndGlobalSection
	GlobalSection(ExtensibilityGlobals) = postSolution
		SolutionGuid = {EE340B78-A6EF-42FB-871E-BD4650BFA5A1}
	EndGlobalSection
EndGlobal
